
Microsoft Visual Studio Solution File, Format Version 12.00
# Visual Studio 15
VisualStudioVersion = 15.0.28010.2016
MinimumVisualStudioVersion = 10.0.40219.1
Project("{9A19103F-16F7-4668-BE54-9A1E7A4F7556}") = "DAL", "DAL\DAL.csproj", "{545D6889-7FC5-4F44-8DA8-8DA0118FEBA8}"
EndProject
Project("{9A19103F-16F7-4668-BE54-9A1E7A4F7556}") = "CONTANET", "CONTANET\CONTANET.csproj", "{DE6A950F-BAFC-4D1C-A28A-D29265563BD4}"
EndProject
Project("{FAE04EC0-301F-11D3-BF4B-00C04F79EFBC}") = "CONTANET.ADMIN", "CONTANET.ADMIN\CONTANET.ADMIN.csproj", "{180BD927-DF73-4607-9878-8FFBFC2DA7B0}"
EndProject
Global
	GlobalSection(SolutionConfigurationPlatforms) = preSolution
		Debug|Any CPU = Debug|Any CPU
		Release|Any CPU = Release|Any CPU
	EndGlobalSection
	GlobalSection(ProjectConfigurationPlatforms) = postSolution
		{545D6889-7FC5-4F44-8DA8-8DA0118FEBA8}.Debug|Any CPU.ActiveCfg = Debug|Any CPU
		{545D6889-7FC5-4F44-8DA8-8DA0118FEBA8}.Debug|Any CPU.Build.0 = Debug|Any CPU
		{545D6889-7FC5-4F44-8DA8-8DA0118FEBA8}.Release|Any CPU.ActiveCfg = Release|Any CPU
		{545D6889-7FC5-4F44-8DA8-8DA0118FEBA8}.Release|Any CPU.Build.0 = Release|Any CPU
		{DE6A950F-BAFC-4D1C-A28A-D29265563BD4}.Debug|Any CPU.ActiveCfg = Debug|Any CPU
		{DE6A950F-BAFC-4D1C-A28A-D29265563BD4}.Debug|Any CPU.Build.0 = Debug|Any CPU
		{DE6A950F-BAFC-4D1C-A28A-D29265563BD4}.Release|Any CPU.ActiveCfg = Release|Any CPU
		{DE6A950F-BAFC-4D1C-A28A-D29265563BD4}.Release|Any CPU.Build.0 = Release|Any CPU
		{180BD927-DF73-4607-9878-8FFBFC2DA7B0}.Debug|Any CPU.ActiveCfg = Debug|Any CPU
		{180BD927-DF73-4607-9878-8FFBFC2DA7B0}.Debug|Any CPU.Build.0 = Debug|Any CPU
		{180BD927-DF73-4607-9878-8FFBFC2DA7B0}.Release|Any CPU.ActiveCfg = Release|Any CPU
		{180BD927-DF73-4607-9878-8FFBFC2DA7B0}.Release|Any CPU.Build.0 = Release|Any CPU
	EndGlobalSection
	GlobalSection(SolutionProperties) = preSolution
		HideSolutionNode = FALSE
	EndGlobalSection
	GlobalSection(ExtensibilityGlobals) = postSolution
		SolutionGuid = {59F07A8D-633B-4527-9467-39197DF7BB0D}
	EndGlobalSection
EndGlobal
